
Microsoft Visual Studio Solution File, Format Version 12.00
# Visual Studio Version 17
VisualStudioVersion = 17.14.36804.6
MinimumVisualStudioVersion = 10.0.40219.1
Project("{FAE04EC0-301F-11D3-BF4B-00C04F79EFBC}") = "Workshop7_MAUI", "Workshop7_MAUI.csproj", "{77463CF6-1145-4F6A-998F-41D65F91C63B}"
EndProject
Global
	GlobalSection(SolutionConfigurationPlatforms) = preSolution
		Debug|Any CPU = Debug|Any CPU
		Release|Any CPU = Release|Any CPU
	EndGlobalSection
	GlobalSection(ProjectConfigurationPlatforms) = postSolution
		{77463CF6-1145-4F6A-998F-41D65F91C63B}.Debug|Any CPU.ActiveCfg = Debug|Any CPU
		{77463CF6-1145-4F6A-998F-41D65F91C63B}.Debug|Any CPU.Build.0 = Debug|Any CPU
		{77463CF6-1145-4F6A-998F-41D65F91C63B}.Debug|Any CPU.Deploy.0 = Debug|Any CPU
		{77463CF6-1145-4F6A-998F-41D65F91C63B}.Release|Any CPU.ActiveCfg = Release|Any CPU
		{77463CF6-1145-4F6A-998F-41D65F91C63B}.Release|Any CPU.Build.0 = Release|Any CPU
	EndGlobalSection
	GlobalSection(SolutionProperties) = preSolution
		HideSolutionNode = FALSE
	EndGlobalSection
	GlobalSection(ExtensibilityGlobals) = postSolution
		SolutionGuid = {1C03B55D-0C53-41DB-8EE0-B7EAE855A7E0}
	EndGlobalSection
EndGlobal
